# THIS IS AN AUTOGENERATED FILE. DO NOT EDIT THIS FILE DIRECTLY.
# yarn lockfile v1


async-validator@^4.0.3:
  version "4.0.3"
  resolved "https://registry.npmjs.org/async-validator/-/async-validator-4.0.3.tgz#c8ecd6b28fc8e18b14be4ec7c704641f999d377d"
  integrity sha512-LVoIbJNHPKsO7FMLamo88uxdrvayGkF3vLTMTeiN3CqAbP3qSafLRc6yx3Sq9lHkiEOLNpoA2jwwnfGDdu1SMQ==
